// !$*UTF8*$!
{
	archiveVersion = 1;
	classes = {
	};
	objectVersion = 56;
	objects = {

/* Begin PBXBuildFile section */
		B19ABAAD2BDA7FAB009C5A61 /* AppDelegate.swift in Sources */ = {isa = PBXBuildFile; fileRef = B19ABAAC2BDA7FAB009C5A61 /* AppDelegate.swift */; };
		B19ABAAF2BDA7FAB009C5A61 /* SceneDelegate.swift in Sources */ = {isa = PBXBuildFile; fileRef = B19ABAAE2BDA7FAB009C5A61 /* SceneDelegate.swift */; };
		B19ABAB12BDA7FAB009C5A61 /* ViewControllerApp.swift in Sources */ = {isa = PBXBuildFile; fileRef = B19ABAB02BDA7FAB009C5A61 /* ViewControllerApp.swift */; };
		B19ABAB42BDA7FAB009C5A61 /* Base in Resources */ = {isa = PBXBuildFile; fileRef = B19ABAB32BDA7FAB009C5A61 /* Base */; };
		B19ABAB62BDA7FAC009C5A61 /* Assets.xcassets in Resources */ = {isa = PBXBuildFile; fileRef = B19ABAB52BDA7FAC009C5A61 /* Assets.xcassets */; };
		B19ABAB92BDA7FAC009C5A61 /* Base in Resources */ = {isa = PBXBuildFile; fileRef = B19ABAB82BDA7FAC009C5A61 /* Base */; };
		B19ABACB2BDA7FD7009C5A61 /* frameworka.framework in Frameworks */ = {isa = PBXBuildFile; fileRef = B19ABAC62BDA7FBB009C5A61 /* frameworka.framework */; };
		B19ABACC2BDA7FD7009C5A61 /* frameworka.framework in Embed Frameworks */ = {isa = PBXBuildFile; fileRef = B19ABAC62BDA7FBB009C5A61 /* frameworka.framework */; settings = {ATTRIBUTES = (CodeSignOnCopy, RemoveHeadersOnCopy, ); }; };
		B19ABAFC2BDA816D009C5A61 /* frameworkb.framework in Frameworks */ = {isa = PBXBuildFile; fileRef = B19ABAF62BDA8155009C5A61 /* frameworkb.framework */; };
		B19ABAFD2BDA816D009C5A61 /* frameworkb.framework in Embed Frameworks */ = {isa = PBXBuildFile; fileRef = B19ABAF62BDA8155009C5A61 /* frameworkb.framework */; settings = {ATTRIBUTES = (CodeSignOnCopy, RemoveHeadersOnCopy, ); }; };
/* End PBXBuildFile section */

/* Begin PBXContainerItemProxy section */
		B19ABAC52BDA7FBB009C5A61 /* PBXContainerItemProxy */ = {
			isa = PBXContainerItemProxy;
			containerPortal = B19ABAC02BDA7FBB009C5A61 /* frameworka.xcodeproj */;
			proxyType = 2;
			remoteGlobalIDString = B1E7C9C72BDA7DE000FCD14C;
			remoteInfo = frameworka;
		};
		B19ABAC72BDA7FC6009C5A61 /* PBXContainerItemProxy */ = {
			isa = PBXContainerItemProxy;
			containerPortal = B19ABAC02BDA7FBB009C5A61 /* frameworka.xcodeproj */;
			proxyType = 1;
			remoteGlobalIDString = B1E7C9C62BDA7DE000FCD14C;
			remoteInfo = frameworka;
		};
		B19ABAF52BDA8155009C5A61 /* PBXContainerItemProxy */ = {
			isa = PBXContainerItemProxy;
			containerPortal = B19ABAF12BDA8155009C5A61 /* frameworkb.xcodeproj */;
			proxyType = 2;
			remoteGlobalIDString = B19ABAD82BDA8115009C5A61;
			remoteInfo = frameworkb;
		};
/* End PBXContainerItemProxy section */

/* Begin PBXCopyFilesBuildPhase section */
		B19ABACD2BDA7FD7009C5A61 /* Embed Frameworks */ = {
			isa = PBXCopyFilesBuildPhase;
			buildActionMask = 2147483647;
			dstPath = "";
			dstSubfolderSpec = 10;
			files = (
				B19ABAFD2BDA816D009C5A61 /* frameworkb.framework in Embed Frameworks */,
				B19ABACC2BDA7FD7009C5A61 /* frameworka.framework in Embed Frameworks */,
			);
			name = "Embed Frameworks";
			runOnlyForDeploymentPostprocessing = 0;
		};
/* End PBXCopyFilesBuildPhase section */

/* Begin PBXFileReference section */
		B19ABAA92BDA7FAB009C5A61 /* app.app */ = {isa = PBXFileReference; explicitFileType = wrapper.application; includeInIndex = 0; path = app.app; sourceTree = BUILT_PRODUCTS_DIR; };
		B19ABAAC2BDA7FAB009C5A61 /* AppDelegate.swift */ = {isa = PBXFileReference; lastKnownFileType = sourcecode.swift; path = AppDelegate.swift; sourceTree = "<group>"; };
		B19ABAAE2BDA7FAB009C5A61 /* SceneDelegate.swift */ = {isa = PBXFileReference; lastKnownFileType = sourcecode.swift; path = SceneDelegate.swift; sourceTree = "<group>"; };
		B19ABAB02BDA7FAB009C5A61 /* ViewControllerApp.swift */ = {isa = PBXFileReference; lastKnownFileType = sourcecode.swift; path = ViewControllerApp.swift; sourceTree = "<group>"; };
		B19ABAB32BDA7FAB009C5A61 /* Base */ = {isa = PBXFileReference; lastKnownFileType = file.storyboard; name = Base; path = Base.lproj/Main.storyboard; sourceTree = "<group>"; };
		B19ABAB52BDA7FAC009C5A61 /* Assets.xcassets */ = {isa = PBXFileReference; lastKnownFileType = folder.assetcatalog; path = Assets.xcassets; sourceTree = "<group>"; };
		B19ABAB82BDA7FAC009C5A61 /* Base */ = {isa = PBXFileReference; lastKnownFileType = file.storyboard; name = Base; path = Base.lproj/LaunchScreen.storyboard; sourceTree = "<group>"; };
		B19ABABA2BDA7FAC009C5A61 /* Info.plist */ = {isa = PBXFileReference; lastKnownFileType = text.plist.xml; path = Info.plist; sourceTree = "<group>"; };
		B19ABAC02BDA7FBB009C5A61 /* frameworka.xcodeproj */ = {isa = PBXFileReference; lastKnownFileType = "wrapper.pb-project"; name = frameworka.xcodeproj; path = ../frameworka/frameworka.xcodeproj; sourceTree = "<group>"; };
		B19ABAF12BDA8155009C5A61 /* frameworkb.xcodeproj */ = {isa = PBXFileReference; lastKnownFileType = "wrapper.pb-project"; name = frameworkb.xcodeproj; path = ../frameworkb/frameworkb.xcodeproj; sourceTree = "<group>"; };
/* End PBXFileReference section */

/* Begin PBXFrameworksBuildPhase section */
		B19ABAA62BDA7FAB009C5A61 /* Frameworks */ = {
			isa = PBXFrameworksBuildPhase;
			buildActionMask = 2147483647;
			files = (
				B19ABAFC2BDA816D009C5A61 /* frameworkb.framework in Frameworks */,
				B19ABACB2BDA7FD7009C5A61 /* frameworka.framework in Frameworks */,
			);
			runOnlyForDeploymentPostprocessing = 0;
		};
/* End PBXFrameworksBuildPhase section */

/* Begin PBXGroup section */
		B19ABAA02BDA7FAB009C5A61 = {
			isa = PBXGroup;
			children = (
				B19ABAF12BDA8155009C5A61 /* frameworkb.xcodeproj */,
				B19ABAC02BDA7FBB009C5A61 /* frameworka.xcodeproj */,
				B19ABAAB2BDA7FAB009C5A61 /* app */,
				B19ABAAA2BDA7FAB009C5A61 /* Products */,
				B19ABAC92BDA7FC9009C5A61 /* Frameworks */,
			);
			sourceTree = "<group>";
		};
		B19ABAAA2BDA7FAB009C5A61 /* Products */ = {
			isa = PBXGroup;
			children = (
				B19ABAA92BDA7FAB009C5A61 /* app.app */,
			);
			name = Products;
			sourceTree = "<group>";
		};
		B19ABAAB2BDA7FAB009C5A61 /* app */ = {
			isa = PBXGroup;
			children = (
				B19ABAAC2BDA7FAB009C5A61 /* AppDelegate.swift */,
				B19ABAAE2BDA7FAB009C5A61 /* SceneDelegate.swift */,
				B19ABAB02BDA7FAB009C5A61 /* ViewControllerApp.swift */,
				B19ABAB22BDA7FAB009C5A61 /* Main.storyboard */,
				B19ABAB52BDA7FAC009C5A61 /* Assets.xcassets */,
				B19ABAB72BDA7FAC009C5A61 /* LaunchScreen.storyboard */,
				B19ABABA2BDA7FAC009C5A61 /* Info.plist */,
			);
			path = app;
			sourceTree = "<group>";
		};
		B19ABAC12BDA7FBB009C5A61 /* Products */ = {
			isa = PBXGroup;
			children = (
				B19ABAC62BDA7FBB009C5A61 /* frameworka.framework */,
			);
			name = Products;
			sourceTree = "<group>";
		};
		B19ABAC92BDA7FC9009C5A61 /* Frameworks */ = {
			isa = PBXGroup;
			children = (
			);
			name = Frameworks;
			sourceTree = "<group>";
		};
		B19ABAF22BDA8155009C5A61 /* Products */ = {
			isa = PBXGroup;
			children = (
				B19ABAF62BDA8155009C5A61 /* frameworkb.framework */,
			);
			name = Products;
			sourceTree = "<group>";
		};
/* End PBXGroup section */

/* Begin PBXNativeTarget section */
		B19ABAA82BDA7FAB009C5A61 /* app */ = {
			isa = PBXNativeTarget;
			buildConfigurationList = B19ABABD2BDA7FAC009C5A61 /* Build configuration list for PBXNativeTarget "app" */;
			buildPhases = (
				B19ABAA52BDA7FAB009C5A61 /* Sources */,
				B19ABAA62BDA7FAB009C5A61 /* Frameworks */,
				B19ABAA72BDA7FAB009C5A61 /* Resources */,
				B19ABACD2BDA7FD7009C5A61 /* Embed Frameworks */,
			);
			buildRules = (
			);
			dependencies = (
				B19ABAC82BDA7FC6009C5A61 /* PBXTargetDependency */,
			);
			name = app;
			productName = app;
			productReference = B19ABAA92BDA7FAB009C5A61 /* app.app */;
			productType = "com.apple.product-type.application";
		};
/* End PBXNativeTarget section */

/* Begin PBXProject section */
		B19ABAA12BDA7FAB009C5A61 /* Project object */ = {
			isa = PBXProject;
			attributes = {
				BuildIndependentTargetsInParallel = 1;
				LastSwiftUpdateCheck = 1530;
				LastUpgradeCheck = 1530;
				TargetAttributes = {
					B19ABAA82BDA7FAB009C5A61 = {
						CreatedOnToolsVersion = 15.3;
					};
				};
			};
			buildConfigurationList = B19ABAA42BDA7FAB009C5A61 /* Build configuration list for PBXProject "app" */;
			compatibilityVersion = "Xcode 14.0";
			developmentRegion = en;
			hasScannedForEncodings = 0;
			knownRegions = (
				en,
				Base,
			);
			mainGroup = B19ABAA02BDA7FAB009C5A61;
			productRefGroup = B19ABAAA2BDA7FAB009C5A61 /* Products */;
			projectDirPath = "";
			projectReferences = (
				{
					ProductGroup = B19ABAC12BDA7FBB009C5A61 /* Products */;
					ProjectRef = B19ABAC02BDA7FBB009C5A61 /* frameworka.xcodeproj */;
				},
				{
					ProductGroup = B19ABAF22BDA8155009C5A61 /* Products */;
					ProjectRef = B19ABAF12BDA8155009C5A61 /* frameworkb.xcodeproj */;
				},
			);
			projectRoot = "";
			targets = (
				B19ABAA82BDA7FAB009C5A61 /* app */,
			);
		};
/* End PBXProject section */

/* Begin PBXReferenceProxy section */
		B19ABAC62BDA7FBB009C5A61 /* frameworka.framework */ = {
			isa = PBXReferenceProxy;
			fileType = wrapper.framework;
			path = frameworka.framework;
			remoteRef = B19ABAC52BDA7FBB009C5A61 /* PBXContainerItemProxy */;
			sourceTree = BUILT_PRODUCTS_DIR;
		};
		B19ABAF62BDA8155009C5A61 /* frameworkb.framework */ = {
			isa = PBXReferenceProxy;
			fileType = wrapper.framework;
			path = frameworkb.framework;
			remoteRef = B19ABAF52BDA8155009C5A61 /* PBXContainerItemProxy */;
			sourceTree = BUILT_PRODUCTS_DIR;
		};
/* End PBXReferenceProxy section */

/* Begin PBXResourcesBuildPhase section */
		B19ABAA72BDA7FAB009C5A61 /* Resources */ = {
			isa = PBXResourcesBuildPhase;
			buildActionMask = 2147483647;
			files = (
				B19ABAB62BDA7FAC009C5A61 /* Assets.xcassets in Resources */,
				B19ABAB92BDA7FAC009C5A61 /* Base in Resources */,
				B19ABAB42BDA7FAB009C5A61 /* Base in Resources */,
			);
			runOnlyForDeploymentPostprocessing = 0;
		};
/* End PBXResourcesBuildPhase section */

/* Begin PBXSourcesBuildPhase section */
		B19ABAA52BDA7FAB009C5A61 /* Sources */ = {
			isa = PBXSourcesBuildPhase;
			buildActionMask = 2147483647;
			files = (
				B19ABAB12BDA7FAB009C5A61 /* ViewControllerApp.swift in Sources */,
				B19ABAAD2BDA7FAB009C5A61 /* AppDelegate.swift in Sources */,
				B19ABAAF2BDA7FAB009C5A61 /* SceneDelegate.swift in Sources */,
			);
			runOnlyForDeploymentPostprocessing = 0;
		};
/* End PBXSourcesBuildPhase section */

/* Begin PBXTargetDependency section */
		B19ABAC82BDA7FC6009C5A61 /* PBXTargetDependency */ = {
			isa = PBXTargetDependency;
			name = frameworka;
			targetProxy = B19ABAC72BDA7FC6009C5A61 /* PBXContainerItemProxy */;
		};
/* End PBXTargetDependency section */

/* Begin PBXVariantGroup section */
		B19ABAB22BDA7FAB009C5A61 /* Main.storyboard */ = {
			isa = PBXVariantGroup;
			children = (
				B19ABAB32BDA7FAB009C5A61 /* Base */,
			);
			name = Main.storyboard;
			sourceTree = "<group>";
		};
		B19ABAB72BDA7FAC009C5A61 /* LaunchScreen.storyboard */ = {
			isa = PBXVariantGroup;
			children = (
				B19ABAB82BDA7FAC009C5A61 /* Base */,
			);
			name = LaunchScreen.storyboard;
			sourceTree = "<group>";
		};
/* End PBXVariantGroup section */

/* Begin XCBuildConfiguration section */
		B19ABABB2BDA7FAC009C5A61 /* Debug */ = {
			isa = XCBuildConfiguration;
			buildSettings = {
				ALWAYS_SEARCH_USER_PATHS = NO;
				ASSETCATALOG_COMPILER_GENERATE_SWIFT_ASSET_SYMBOL_EXTENSIONS = YES;
				CLANG_ANALYZER_NONNULL = YES;
				CLANG_ANALYZER_NUMBER_OBJECT_CONVERSION = YES_AGGRESSIVE;
				CLANG_CXX_LANGUAGE_STANDARD = "gnu++20";
				CLANG_ENABLE_MODULES = YES;
				CLANG_ENABLE_OBJC_ARC = YES;
				CLANG_ENABLE_OBJC_WEAK = YES;
				CLANG_WARN_BLOCK_CAPTURE_AUTORELEASING = YES;
				CLANG_WARN_BOOL_CONVERSION = YES;
				CLANG_WARN_COMMA = YES;
				CLANG_WARN_CONSTANT_CONVERSION = YES;
				CLANG_WARN_DEPRECATED_OBJC_IMPLEMENTATIONS = YES;
				CLANG_WARN_DIRECT_OBJC_ISA_USAGE = YES_ERROR;
				CLANG_WARN_DOCUMENTATION_COMMENTS = YES;
				CLANG_WARN_EMPTY_BODY = YES;
				CLANG_WARN_ENUM_CONVERSION = YES;
				CLANG_WARN_INFINITE_RECURSION = YES;
				CLANG_WARN_INT_CONVERSION = YES;
				CLANG_WARN_NON_LITERAL_NULL_CONVERSION = YES;
				CLANG_WARN_OBJC_IMPLICIT_RETAIN_SELF = YES;
				CLANG_WARN_OBJC_LITERAL_CONVERSION = YES;
				CLANG_WARN_OBJC_ROOT_CLASS = YES_ERROR;
				CLANG_WARN_QUOTED_INCLUDE_IN_FRAMEWORK_HEADER = YES;
				CLANG_WARN_RANGE_LOOP_ANALYSIS = YES;
				CLANG_WARN_STRICT_PROTOTYPES = YES;
				CLANG_WARN_SUSPICIOUS_MOVE = YES;
				CLANG_WARN_UNGUARDED_AVAILABILITY = YES_AGGRESSIVE;
				CLANG_WARN_UNREACHABLE_CODE = YES;
				CLANG_WARN__DUPLICATE_METHOD_MATCH = YES;
				COPY_PHASE_STRIP = NO;
				DEBUG_INFORMATION_FORMAT = dwarf;
				ENABLE_STRICT_OBJC_MSGSEND = YES;
				ENABLE_TESTABILITY = YES;
				ENABLE_USER_SCRIPT_SANDBOXING = YES;
				GCC_C_LANGUAGE_STANDARD = gnu17;
				GCC_DYNAMIC_NO_PIC = NO;
				GCC_NO_COMMON_BLOCKS = YES;
				GCC_OPTIMIZATION_LEVEL = 0;
				GCC_PREPROCESSOR_DEFINITIONS = (
					"DEBUG=1",
					"$(inherited)",
				);
				GCC_WARN_64_TO_32_BIT_CONVERSION = YES;
				GCC_WARN_ABOUT_RETURN_TYPE = YES_ERROR;
				GCC_WARN_UNDECLARED_SELECTOR = YES;
				GCC_WARN_UNINITIALIZED_AUTOS = YES_AGGRESSIVE;
				GCC_WARN_UNUSED_FUNCTION = YES;
				GCC_WARN_UNUSED_VARIABLE = YES;
				IPHONEOS_DEPLOYMENT_TARGET = 17.4;
				LOCALIZATION_PREFERS_STRING_CATALOGS = YES;
				MTL_ENABLE_DEBUG_INFO = INCLUDE_SOURCE;
				MTL_FAST_MATH = YES;
				ONLY_ACTIVE_ARCH = YES;
				SDKROOT = iphoneos;
				SWIFT_ACTIVE_COMPILATION_CONDITIONS = "DEBUG $(inherited)";
				SWIFT_OPTIMIZATION_LEVEL = "-Onone";
			};
			name = Debug;
		};
		B19ABABC2BDA7FAC009C5A61 /* Release */ = {
			isa = XCBuildConfiguration;
			buildSettings = {
				ALWAYS_SEARCH_USER_PATHS = NO;
				ASSETCATALOG_COMPILER_GENERATE_SWIFT_ASSET_SYMBOL_EXTENSIONS = YES;
				CLANG_ANALYZER_NONNULL = YES;
				CLANG_ANALYZER_NUMBER_OBJECT_CONVERSION = YES_AGGRESSIVE;
				CLANG_CXX_LANGUAGE_STANDARD = "gnu++20";
				CLANG_ENABLE_MODULES = YES;
				CLANG_ENABLE_OBJC_ARC = YES;
				CLANG_ENABLE_OBJC_WEAK = YES;
				CLANG_WARN_BLOCK_CAPTURE_AUTORELEASING = YES;
				CLANG_WARN_BOOL_CONVERSION = YES;
				CLANG_WARN_COMMA = YES;
				CLANG_WARN_CONSTANT_CONVERSION = YES;
				CLANG_WARN_DEPRECATED_OBJC_IMPLEMENTATIONS = YES;
				CLANG_WARN_DIRECT_OBJC_ISA_USAGE = YES_ERROR;
				CLANG_WARN_DOCUMENTATION_COMMENTS = YES;
				CLANG_WARN_EMPTY_BODY = YES;
				CLANG_WARN_ENUM_CONVERSION = YES;
				CLANG_WARN_INFINITE_RECURSION = YES;
				CLANG_WARN_INT_CONVERSION = YES;
				CLANG_WARN_NON_LITERAL_NULL_CONVERSION = YES;
				CLANG_WARN_OBJC_IMPLICIT_RETAIN_SELF = YES;
				CLANG_WARN_OBJC_LITERAL_CONVERSION = YES;
				CLANG_WARN_OBJC_ROOT_CLASS = YES_ERROR;
				CLANG_WARN_QUOTED_INCLUDE_IN_FRAMEWORK_HEADER = YES;
				CLANG_WARN_RANGE_LOOP_ANALYSIS = YES;
				CLANG_WARN_STRICT_PROTOTYPES = YES;
				CLANG_WARN_SUSPICIOUS_MOVE = YES;
				CLANG_WARN_UNGUARDED_AVAILABILITY = YES_AGGRESSIVE;
				CLANG_WARN_UNREACHABLE_CODE = YES;
				CLANG_WARN__DUPLICATE_METHOD_MATCH = YES;
				COPY_PHASE_STRIP = NO;
				DEBUG_INFORMATION_FORMAT = "dwarf-with-dsym";
				ENABLE_NS_ASSERTIONS = NO;
				ENABLE_STRICT_OBJC_MSGSEND = YES;
				ENABLE_USER_SCRIPT_SANDBOXING = YES;
				GCC_C_LANGUAGE_STANDARD = gnu17;
				GCC_NO_COMMON_BLOCKS = YES;
				GCC_WARN_64_TO_32_BIT_CONVERSION = YES;
				GCC_WARN_ABOUT_RETURN_TYPE = YES_ERROR;
				GCC_WARN_UNDECLARED_SELECTOR = YES;
				GCC_WARN_UNINITIALIZED_AUTOS = YES_AGGRESSIVE;
				GCC_WARN_UNUSED_FUNCTION = YES;
				GCC_WARN_UNUSED_VARIABLE = YES;
				IPHONEOS_DEPLOYMENT_TARGET = 17.4;
				LOCALIZATION_PREFERS_STRING_CATALOGS = YES;
				MTL_ENABLE_DEBUG_INFO = NO;
				MTL_FAST_MATH = YES;
				SDKROOT = iphoneos;
				SWIFT_COMPILATION_MODE = wholemodule;
				VALIDATE_PRODUCT = YES;
			};
			name = Release;
		};
		B19ABABE2BDA7FAC009C5A61 /* Debug */ = {
			isa = XCBuildConfiguration;
			buildSettings = {
				ASSETCATALOG_COMPILER_APPICON_NAME = AppIcon;
				ASSETCATALOG_COMPILER_GLOBAL_ACCENT_COLOR_NAME = AccentColor;
				CODE_SIGN_STYLE = Automatic;
				CURRENT_PROJECT_VERSION = 1;
				GENERATE_INFOPLIST_FILE = YES;
				INFOPLIST_FILE = app/Info.plist;
				INFOPLIST_KEY_UIApplicationSupportsIndirectInputEvents = YES;
				INFOPLIST_KEY_UILaunchStoryboardName = LaunchScreen;
				INFOPLIST_KEY_UIMainStoryboardFile = Main;
				INFOPLIST_KEY_UISupportedInterfaceOrientations_iPad = "UIInterfaceOrientationPortrait UIInterfaceOrientationPortraitUpsideDown UIInterfaceOrientationLandscapeLeft UIInterfaceOrientationLandscapeRight";
				INFOPLIST_KEY_UISupportedInterfaceOrientations_iPhone = "UIInterfaceOrientationPortrait UIInterfaceOrientationLandscapeLeft UIInterfaceOrientationLandscapeRight";
				LD_RUNPATH_SEARCH_PATHS = (
					"$(inherited)",
					"@executable_path/Frameworks",
				);
				MARKETING_VERSION = 1.0;
				PRODUCT_BUNDLE_IDENTIFIER = c.12.1.app;
				PRODUCT_NAME = "$(TARGET_NAME)";
				SWIFT_EMIT_LOC_STRINGS = YES;
				SWIFT_VERSION = 5.0;
				TARGETED_DEVICE_FAMILY = "1,2";
			};
			name = Debug;
		};
		B19ABABF2BDA7FAC009C5A61 /* Release */ = {
			isa = XCBuildConfiguration;
			buildSettings = {
				ASSETCATALOG_COMPILER_APPICON_NAME = AppIcon;
				ASSETCATALOG_COMPILER_GLOBAL_ACCENT_COLOR_NAME = AccentColor;
				CODE_SIGN_STYLE = Automatic;
				CURRENT_PROJECT_VERSION = 1;
				GENERATE_INFOPLIST_FILE = YES;
				INFOPLIST_FILE = app/Info.plist;
				INFOPLIST_KEY_UIApplicationSupportsIndirectInputEvents = YES;
				INFOPLIST_KEY_UILaunchStoryboardName = LaunchScreen;
				INFOPLIST_KEY_UIMainStoryboardFile = Main;
				INFOPLIST_KEY_UISupportedInterfaceOrientations_iPad = "UIInterfaceOrientationPortrait UIInterfaceOrientationPortraitUpsideDown UIInterfaceOrientationLandscapeLeft UIInterfaceOrientationLandscapeRight";
				INFOPLIST_KEY_UISupportedInterfaceOrientations_iPhone = "UIInterfaceOrientationPortrait UIInterfaceOrientationLandscapeLeft UIInterfaceOrientationLandscapeRight";
				LD_RUNPATH_SEARCH_PATHS = (
					"$(inherited)",
					"@executable_path/Frameworks",
				);
				MARKETING_VERSION = 1.0;
				PRODUCT_BUNDLE_IDENTIFIER = c.12.1.app;
				PRODUCT_NAME = "$(TARGET_NAME)";
				SWIFT_EMIT_LOC_STRINGS = YES;
				SWIFT_VERSION = 5.0;
				TARGETED_DEVICE_FAMILY = "1,2";
			};
			name = Release;
		};
/* End XCBuildConfiguration section */

/* Begin XCConfigurationList section */
		B19ABAA42BDA7FAB009C5A61 /* Build configuration list for PBXProject "app" */ = {
			isa = XCConfigurationList;
			buildConfigurations = (
				B19ABABB2BDA7FAC009C5A61 /* Debug */,
				B19ABABC2BDA7FAC009C5A61 /* Release */,
			);
			defaultConfigurationIsVisible = 0;
			defaultConfigurationName = Release;
		};
		B19ABABD2BDA7FAC009C5A61 /* Build configuration list for PBXNativeTarget "app" */ = {
			isa = XCConfigurationList;
			buildConfigurations = (
				B19ABABE2BDA7FAC009C5A61 /* Debug */,
				B19ABABF2BDA7FAC009C5A61 /* Release */,
			);
			defaultConfigurationIsVisible = 0;
			defaultConfigurationName = Release;
		};
/* End XCConfigurationList section */
	};
	rootObject = B19ABAA12BDA7FAB009C5A61 /* Project object */;
}
